
Microsoft Visual Studio Solution File, Format Version 12.00
# Visual Studio Version 17
VisualStudioVersion = 17.7.34003.232
MinimumVisualStudioVersion = 10.0.40219.1
Project("{2150E333-8FDC-42A3-9474-1A3956D46DE8}") = "Services", "Services", "{19834157-4BB4-4418-8475-BC807CA53E7F}"
EndProject
Project("{2150E333-8FDC-42A3-9474-1A3956D46DE8}") = "Catalog", "Catalog", "{2764BB2E-E266-4166-9116-F7B386C45332}"
EndProject
Project("{FAE04EC0-301F-11D3-BF4B-00C04F79EFBC}") = "Catalog.API", "Services\Catalog\Catalog.API\Catalog.API.csproj", "{0AFF93EF-7748-4448-B178-A9EB337F145F}"
EndProject
Global
	GlobalSection(SolutionConfigurationPlatforms) = preSolution
		Debug|Any CPU = Debug|Any CPU
		Release|Any CPU = Release|Any CPU
	EndGlobalSection
	GlobalSection(ProjectConfigurationPlatforms) = postSolution
		{0AFF93EF-7748-4448-B178-A9EB337F145F}.Debug|Any CPU.ActiveCfg = Debug|Any CPU
		{0AFF93EF-7748-4448-B178-A9EB337F145F}.Debug|Any CPU.Build.0 = Debug|Any CPU
		{0AFF93EF-7748-4448-B178-A9EB337F145F}.Release|Any CPU.ActiveCfg = Release|Any CPU
		{0AFF93EF-7748-4448-B178-A9EB337F145F}.Release|Any CPU.Build.0 = Release|Any CPU
	EndGlobalSection
	GlobalSection(SolutionProperties) = preSolution
		HideSolutionNode = FALSE
	EndGlobalSection
	GlobalSection(NestedProjects) = preSolution
		{2764BB2E-E266-4166-9116-F7B386C45332} = {19834157-4BB4-4418-8475-BC807CA53E7F}
		{0AFF93EF-7748-4448-B178-A9EB337F145F} = {2764BB2E-E266-4166-9116-F7B386C45332}
	EndGlobalSection
	GlobalSection(ExtensibilityGlobals) = postSolution
		SolutionGuid = {D48B3ECB-BFAE-4FD3-B127-BCFB693A5DE7}
	EndGlobalSection
EndGlobal
